
Microsoft Visual Studio Solution File, Format Version 12.00
# Visual Studio 15
VisualStudioVersion = 15.0.28307.168
MinimumVisualStudioVersion = 10.0.40219.1
Project("{FAE04EC0-301F-11D3-BF4B-00C04F79EFBC}") = "Signature", "Signature\Signature.csproj", "{E6E8D7BD-73DB-4327-9EB9-2B8F5EF1867F}"
EndProject
Project("{FAE04EC0-301F-11D3-BF4B-00C04F79EFBC}") = "Signature.Core", "Signature\Signature.Core\Signature.Core.csproj", "{D5F67327-4BA2-42A9-8906-15AB5C335407}"
EndProject
Project("{FAE04EC0-301F-11D3-BF4B-00C04F79EFBC}") = "Common", "Common\Common\Common.csproj", "{77920AD7-0960-476A-AA01-D8AC8B73C4FF}"
EndProject
Project("{FAE04EC0-301F-11D3-BF4B-00C04F79EFBC}") = "Signature.Models", "Signature\Signature.Models\Signature.Models.csproj", "{41BF90E3-A86C-488B-B9E9-36FCC1C81E42}"
EndProject
Project("{FAE04EC0-301F-11D3-BF4B-00C04F79EFBC}") = "Signature.IPASign.Library", "Signature\Signature.IPASign.Library\Signature.IPASign.Library.csproj", "{524E357F-2A6F-4D69-8B86-C62856F67830}"
EndProject
Project("{9A19103F-16F7-4668-BE54-9A1E7A4F7556}") = "Signature.IPASign.Utilities", "Signature\Signature.IPASign.Utilities\Signature.IPASign.Utilities.csproj", "{89786F86-E153-4FAE-8A4D-4CDB84EB6435}"
EndProject
Global
	GlobalSection(SolutionConfigurationPlatforms) = preSolution
		Debug|Any CPU = Debug|Any CPU
		Release|Any CPU = Release|Any CPU
	EndGlobalSection
	GlobalSection(ProjectConfigurationPlatforms) = postSolution
		{E6E8D7BD-73DB-4327-9EB9-2B8F5EF1867F}.Debug|Any CPU.ActiveCfg = Debug|Any CPU
		{E6E8D7BD-73DB-4327-9EB9-2B8F5EF1867F}.Debug|Any CPU.Build.0 = Debug|Any CPU
		{E6E8D7BD-73DB-4327-9EB9-2B8F5EF1867F}.Release|Any CPU.ActiveCfg = Release|Any CPU
		{E6E8D7BD-73DB-4327-9EB9-2B8F5EF1867F}.Release|Any CPU.Build.0 = Release|Any CPU
		{D5F67327-4BA2-42A9-8906-15AB5C335407}.Debug|Any CPU.ActiveCfg = Debug|Any CPU
		{D5F67327-4BA2-42A9-8906-15AB5C335407}.Debug|Any CPU.Build.0 = Debug|Any CPU
		{D5F67327-4BA2-42A9-8906-15AB5C335407}.Release|Any CPU.ActiveCfg = Release|Any CPU
		{D5F67327-4BA2-42A9-8906-15AB5C335407}.Release|Any CPU.Build.0 = Release|Any CPU
		{77920AD7-0960-476A-AA01-D8AC8B73C4FF}.Debug|Any CPU.ActiveCfg = Debug|Any CPU
		{77920AD7-0960-476A-AA01-D8AC8B73C4FF}.Debug|Any CPU.Build.0 = Debug|Any CPU
		{77920AD7-0960-476A-AA01-D8AC8B73C4FF}.Release|Any CPU.ActiveCfg = Release|Any CPU
		{77920AD7-0960-476A-AA01-D8AC8B73C4FF}.Release|Any CPU.Build.0 = Release|Any CPU
		{41BF90E3-A86C-488B-B9E9-36FCC1C81E42}.Debug|Any CPU.ActiveCfg = Debug|Any CPU
		{41BF90E3-A86C-488B-B9E9-36FCC1C81E42}.Debug|Any CPU.Build.0 = Debug|Any CPU
		{41BF90E3-A86C-488B-B9E9-36FCC1C81E42}.Release|Any CPU.ActiveCfg = Release|Any CPU
		{41BF90E3-A86C-488B-B9E9-36FCC1C81E42}.Release|Any CPU.Build.0 = Release|Any CPU
		{524E357F-2A6F-4D69-8B86-C62856F67830}.Debug|Any CPU.ActiveCfg = Debug|Any CPU
		{524E357F-2A6F-4D69-8B86-C62856F67830}.Debug|Any CPU.Build.0 = Debug|Any CPU
		{524E357F-2A6F-4D69-8B86-C62856F67830}.Release|Any CPU.ActiveCfg = Release|Any CPU
		{524E357F-2A6F-4D69-8B86-C62856F67830}.Release|Any CPU.Build.0 = Release|Any CPU
		{89786F86-E153-4FAE-8A4D-4CDB84EB6435}.Debug|Any CPU.ActiveCfg = Debug|Any CPU
		{89786F86-E153-4FAE-8A4D-4CDB84EB6435}.Debug|Any CPU.Build.0 = Debug|Any CPU
		{89786F86-E153-4FAE-8A4D-4CDB84EB6435}.Release|Any CPU.ActiveCfg = Release|Any CPU
		{89786F86-E153-4FAE-8A4D-4CDB84EB6435}.Release|Any CPU.Build.0 = Release|Any CPU
	EndGlobalSection
	GlobalSection(SolutionProperties) = preSolution
		HideSolutionNode = FALSE
	EndGlobalSection
	GlobalSection(ExtensibilityGlobals) = postSolution
		SolutionGuid = {EDB95E51-28E1-42D8-A7B0-112E4C2EC934}
	EndGlobalSection
EndGlobal
